<?xml version="1.0" encoding="utf-8"?>
<Project ToolsVersion="4.0" xmlns="http://schemas.microsoft.com/developer/msbuild/2003">
  <ItemGroup>
    <Filter Include="Source Files">
      <UniqueIdentifier>{4FC737F1-C7A5-4376-A066-2A32D752A2FF}</UniqueIdentifier>
      <Extensions>cpp;c;cc;cxx;def;odl;idl;hpj;bat;asm;asmx</Extensions>
    </Filter>
    <Filter Include="Header Files">
      <UniqueIdentifier>{93995380-89BD-4b04-88EB-625FBE52EBFB}</UniqueIdentifier>
      <Extensions>h;hpp;hxx;hm;inl;inc;xsd</Extensions>
    </Filter>
    <Filter Include="Resource Files">
      <UniqueIdentifier>{67DA6AB6-F800-4c08-8B7A-83BB121AAD01}</UniqueIdentifier>
      <Extensions>rc;ico;cur;bmp;dlg;rc2;rct;bin;rgs;gif;jpg;jpeg;jpe;resx;tiff;tif;png;wav;mfcribbon-ms</Extensions>
    </Filter>
  </ItemGroup>
  <ItemGroup>
    <ClCompile Include="src\native_window.cpp">
      <Filter>Source Files</Filter>
    </ClCompile>
    <ClCompile Include="src\ui_window.cpp">
      <Filter>Source Files</Filter>
    </ClCompile>
    <ClCompile Include="src\gdi_canvas.cpp">
      <Filter>Source Files</Filter>
    </ClCompile>
    <ClCompile Include="src\ui_control.cpp">
      <Filter>Source Files</Filter>
    </ClCompile>
    <ClCompile Include="src\ui_base.cpp">
      <Filter>Source Files</Filter>
    </ClCompile>
    <ClCompile Include="src\ui_panel.cpp">
      <Filter>Source Files</Filter>
    </ClCompile>
    <ClCompile Include="src\ui_canvas.cpp">
      <Filter>Source Files</Filter>
    </ClCompile>
    <ClCompile Include="src\aui.cpp">
      <Filter>Source Files</Filter>
    </ClCompile>
    <ClCompile Include="src\ui_resource_cache.cpp">
      <Filter>Source Files</Filter>
    </ClCompile>
    <ClCompile Include="src\ui_button.cpp">
      <Filter>Source Files</Filter>
    </ClCompile>
    <ClCompile Include="src\ui_util.cpp">
      <Filter>Source Files</Filter>
    </ClCompile>
    <ClCompile Include="src\ui_label.cpp">
      <Filter>Source Files</Filter>
    </ClCompile>
    <ClCompile Include="src\ui_edit.cpp">
      <Filter>Source Files</Filter>
    </ClCompile>
    <ClCompile Include="src\gdi_image.cpp">
      <Filter>Source Files</Filter>
    </ClCompile>
  </ItemGroup>
  <ItemGroup>
    <ClInclude Include="include\aui.h">
      <Filter>Header Files</Filter>
    </ClInclude>
    <ClInclude Include="include\native_window.h">
      <Filter>Header Files</Filter>
    </ClInclude>
    <ClInclude Include="include\ui_window.h">
      <Filter>Header Files</Filter>
    </ClInclude>
    <ClInclude Include="include\ui_control.h">
      <Filter>Header Files</Filter>
    </ClInclude>
    <ClInclude Include="include\ui_base.h">
      <Filter>Header Files</Filter>
    </ClInclude>
    <ClInclude Include="include\ui_panel.h">
      <Filter>Header Files</Filter>
    </ClInclude>
    <ClInclude Include="include\ui_canvas.h">
      <Filter>Header Files</Filter>
    </ClInclude>
    <ClInclude Include="include\ui_macros.h">
      <Filter>Header Files</Filter>
    </ClInclude>
    <ClInclude Include="include\ui_resource_cache.h">
      <Filter>Header Files</Filter>
    </ClInclude>
    <ClInclude Include="include\ui_button.h">
      <Filter>Header Files</Filter>
    </ClInclude>
    <ClInclude Include="include\ui_util.h">
      <Filter>Header Files</Filter>
    </ClInclude>
    <ClInclude Include="include\ui_label.h">
      <Filter>Header Files</Filter>
    </ClInclude>
    <ClInclude Include="include\ui_edit.h">
      <Filter>Header Files</Filter>
    </ClInclude>
    <ClInclude Include="include\gdi_image.h">
      <Filter>Header Files</Filter>
    </ClInclude>
    <ClInclude Include="include\ui_image.h">
      <Filter>Header Files</Filter>
    </ClInclude>
    <ClInclude Include="include\gdi_canvas.h">
      <Filter>Header Files</Filter>
    </ClInclude>
  </ItemGroup>
</Project>